{
  "name": "hydra-mini-gui",
  "version": "1.0.0",
  "lockfileVersion": 3,
  "requires": true,
  "packages": {
    "": {
      "name": "hydra-mini-gui",
      "version": "1.0.0",
      "license": "ISC",
      "dependencies": {
        "acorn": "^8.11.3",
        "astravel": "^0.5.0",
        "astring": "^1.8.6",
        "tweakpane": "^4.0.5"
      }
    },
    "node_modules/acorn": {
      "version": "8.14.0",
      "license": "MIT",
      "bin": {
        "acorn": "bin/acorn"
      },
      "engines": {
        "node": ">=0.4.0"
      }
    },
    "node_modules/astravel": {
      "version": "0.5.0",
      "license": "MIT"
    },
    "node_modules/astring": {
      "version": "1.9.0",
      "license": "MIT",
      "bin": {
        "astring": "bin/astring"
      }
    },
    "node_modules/tweakpane": {
      "version": "4.0.5",
      "resolved": "https://registry.npmjs.org/tweakpane/-/tweakpane-4.0.5.tgz",
      "integrity": "sha512-rxEXdSI+ArlG1RyO6FghC4ZUX8JkEfz8F3v1JuteXSV0pEtHJzyo07fcDG+NsJfN5L39kSbCYbB9cBGHyuI/tQ==",
      "license": "MIT",
      "funding": {
        "url": "https://github.com/sponsors/cocopon"
      }
    }
  }
}
